
Microsoft Visual Studio Solution File, Format Version 12.00
# Visual Studio Version 17
VisualStudioVersion = 17.11.35222.181
MinimumVisualStudioVersion = 10.0.40219.1
Project("{FAE04EC0-301F-11D3-BF4B-00C04F79EFBC}") = "SquareLevel", "SquareLevel\SquareLevel.csproj", "{121BF17E-C0BF-4FCD-B4FE-1704E7A54717}"
EndProject
Global
	GlobalSection(SolutionConfigurationPlatforms) = preSolution
		Debug|Any CPU = Debug|Any CPU
		Release|Any CPU = Release|Any CPU
	EndGlobalSection
	GlobalSection(ProjectConfigurationPlatforms) = postSolution
		{121BF17E-C0BF-4FCD-B4FE-1704E7A54717}.Debug|Any CPU.ActiveCfg = Debug|Any CPU
		{121BF17E-C0BF-4FCD-B4FE-1704E7A54717}.Debug|Any CPU.Build.0 = Debug|Any CPU
		{121BF17E-C0BF-4FCD-B4FE-1704E7A54717}.Release|Any CPU.ActiveCfg = Release|Any CPU
		{121BF17E-C0BF-4FCD-B4FE-1704E7A54717}.Release|Any CPU.Build.0 = Release|Any CPU
	EndGlobalSection
	GlobalSection(SolutionProperties) = preSolution
		HideSolutionNode = FALSE
	EndGlobalSection
	GlobalSection(ExtensibilityGlobals) = postSolution
		SolutionGuid = {AFA2A450-0D32-4A3B-904D-E6B11E05D1EA}
	EndGlobalSection
EndGlobal
